
Microsoft Visual Studio Solution File, Format Version 12.00
# Visual Studio 15
VisualStudioVersion = 15.0.28307.106
MinimumVisualStudioVersion = 10.0.40219.1
Project("{FAE04EC0-301F-11D3-BF4B-00C04F79EFBC}") = "ConsoleApp1", "ConsoleApp1\ConsoleApp1.csproj", "{CCEABC11-72D2-49DF-93D9-6F8F3B61E8E4}"
EndProject
Global
	GlobalSection(SolutionConfigurationPlatforms) = preSolution
		Debug|Any CPU = Debug|Any CPU
		Release|Any CPU = Release|Any CPU
	EndGlobalSection
	GlobalSection(ProjectConfigurationPlatforms) = postSolution
		{CCEABC11-72D2-49DF-93D9-6F8F3B61E8E4}.Debug|Any CPU.ActiveCfg = Debug|Any CPU
		{CCEABC11-72D2-49DF-93D9-6F8F3B61E8E4}.Debug|Any CPU.Build.0 = Debug|Any CPU
		{CCEABC11-72D2-49DF-93D9-6F8F3B61E8E4}.Release|Any CPU.ActiveCfg = Release|Any CPU
		{CCEABC11-72D2-49DF-93D9-6F8F3B61E8E4}.Release|Any CPU.Build.0 = Release|Any CPU
	EndGlobalSection
	GlobalSection(SolutionProperties) = preSolution
		HideSolutionNode = FALSE
	EndGlobalSection
	GlobalSection(ExtensibilityGlobals) = postSolution
		SolutionGuid = {712D9018-DAEB-4283-A46E-7B2E3628E6D0}
	EndGlobalSection
EndGlobal
