
Microsoft Visual Studio Solution File, Format Version 12.00
# Visual Studio 15
VisualStudioVersion = 15.0.28307.106
MinimumVisualStudioVersion = 10.0.40219.1
Project("{FAE04EC0-301F-11D3-BF4B-00C04F79EFBC}") = "DicPractice", "DicPractice\DicPractice.csproj", "{8CD91088-842D-4DD5-A936-FE752A9BCC38}"
EndProject
Project("{FAE04EC0-301F-11D3-BF4B-00C04F79EFBC}") = "DicPra2", "DicPra2\DicPra2.csproj", "{15E255A1-0CA1-4768-BC48-0B4270E5A9DD}"
EndProject
Global
	GlobalSection(SolutionConfigurationPlatforms) = preSolution
		Debug|Any CPU = Debug|Any CPU
		Release|Any CPU = Release|Any CPU
	EndGlobalSection
	GlobalSection(ProjectConfigurationPlatforms) = postSolution
		{8CD91088-842D-4DD5-A936-FE752A9BCC38}.Debug|Any CPU.ActiveCfg = Debug|Any CPU
		{8CD91088-842D-4DD5-A936-FE752A9BCC38}.Debug|Any CPU.Build.0 = Debug|Any CPU
		{8CD91088-842D-4DD5-A936-FE752A9BCC38}.Release|Any CPU.ActiveCfg = Release|Any CPU
		{8CD91088-842D-4DD5-A936-FE752A9BCC38}.Release|Any CPU.Build.0 = Release|Any CPU
		{15E255A1-0CA1-4768-BC48-0B4270E5A9DD}.Debug|Any CPU.ActiveCfg = Debug|Any CPU
		{15E255A1-0CA1-4768-BC48-0B4270E5A9DD}.Debug|Any CPU.Build.0 = Debug|Any CPU
		{15E255A1-0CA1-4768-BC48-0B4270E5A9DD}.Release|Any CPU.ActiveCfg = Release|Any CPU
		{15E255A1-0CA1-4768-BC48-0B4270E5A9DD}.Release|Any CPU.Build.0 = Release|Any CPU
	EndGlobalSection
	GlobalSection(SolutionProperties) = preSolution
		HideSolutionNode = FALSE
	EndGlobalSection
	GlobalSection(ExtensibilityGlobals) = postSolution
		SolutionGuid = {37DC00A1-0A88-43A6-8734-8A93BABECFE4}
	EndGlobalSection
EndGlobal
