
Microsoft Visual Studio Solution File, Format Version 12.00
# Visual Studio 15
VisualStudioVersion = 15.0.28307.106
MinimumVisualStudioVersion = 10.0.40219.1
Project("{FAE04EC0-301F-11D3-BF4B-00C04F79EFBC}") = "IndexerLesson", "IndexerLesson\IndexerLesson.csproj", "{9590E99F-45A6-4784-B0E7-92E893EE7895}"
EndProject
Project("{FAE04EC0-301F-11D3-BF4B-00C04F79EFBC}") = "IndexerLesson2", "IndexerLesson2\IndexerLesson2.csproj", "{04E094B3-A92A-4343-A7DC-EDFE55B8059F}"
EndProject
Project("{FAE04EC0-301F-11D3-BF4B-00C04F79EFBC}") = "IndexerLesson3", "IndexerLesson3\IndexerLesson3.csproj", "{DE1808A2-42C0-4A39-A512-0A2012652A59}"
EndProject
Global
	GlobalSection(SolutionConfigurationPlatforms) = preSolution
		Debug|Any CPU = Debug|Any CPU
		Release|Any CPU = Release|Any CPU
	EndGlobalSection
	GlobalSection(ProjectConfigurationPlatforms) = postSolution
		{9590E99F-45A6-4784-B0E7-92E893EE7895}.Debug|Any CPU.ActiveCfg = Debug|Any CPU
		{9590E99F-45A6-4784-B0E7-92E893EE7895}.Debug|Any CPU.Build.0 = Debug|Any CPU
		{9590E99F-45A6-4784-B0E7-92E893EE7895}.Release|Any CPU.ActiveCfg = Release|Any CPU
		{9590E99F-45A6-4784-B0E7-92E893EE7895}.Release|Any CPU.Build.0 = Release|Any CPU
		{04E094B3-A92A-4343-A7DC-EDFE55B8059F}.Debug|Any CPU.ActiveCfg = Debug|Any CPU
		{04E094B3-A92A-4343-A7DC-EDFE55B8059F}.Debug|Any CPU.Build.0 = Debug|Any CPU
		{04E094B3-A92A-4343-A7DC-EDFE55B8059F}.Release|Any CPU.ActiveCfg = Release|Any CPU
		{04E094B3-A92A-4343-A7DC-EDFE55B8059F}.Release|Any CPU.Build.0 = Release|Any CPU
		{DE1808A2-42C0-4A39-A512-0A2012652A59}.Debug|Any CPU.ActiveCfg = Debug|Any CPU
		{DE1808A2-42C0-4A39-A512-0A2012652A59}.Debug|Any CPU.Build.0 = Debug|Any CPU
		{DE1808A2-42C0-4A39-A512-0A2012652A59}.Release|Any CPU.ActiveCfg = Release|Any CPU
		{DE1808A2-42C0-4A39-A512-0A2012652A59}.Release|Any CPU.Build.0 = Release|Any CPU
	EndGlobalSection
	GlobalSection(SolutionProperties) = preSolution
		HideSolutionNode = FALSE
	EndGlobalSection
	GlobalSection(ExtensibilityGlobals) = postSolution
		SolutionGuid = {6A5A5ED5-EF46-475C-B73A-34E0350F788F}
	EndGlobalSection
EndGlobal
